{"plugins":{"composer-require-checker":{"api-version":"1.0.0","version":"1.0.1.0","type":"php-file","url":"https://phpcq.github.io/repository/composer-require-checker-1.0.1.0.php","signature":null,"requirements":{"php":{"php":"^7.4 || ^8.0"},"tool":{"composer-require-checker":"^3.8"}},"checksum":{"type":"sha-512","value":"5b0fd8cd5e0f5761c53b9d5375b6f6ba50f148468896248f823cc2a48361adfd872556066764b1b544ff51ffd5de60d6f9a75050db00b257d807976ac761bc3a"},"tools":{"composer-require-checker":{"version":"3.8.0","url":"https://github.com/maglnet/ComposerRequireChecker/releases/download/3.8.0/composer-require-checker.phar","requirements":{"php":{"php":"^7.4 || ^8.0","ext-json":"*","ext-phar":"*"}},"checksum":null,"signature":"https://github.com/maglnet/ComposerRequireChecker/releases/download/3.8.0/composer-require-checker.phar.asc"}}},"phpmd":{"api-version":"1.0.0","version":"1.0.1.0","type":"php-file","url":"https://phpcq.github.io/repository/phpmd-1.0.1.0.php","signature":null,"requirements":{"php":{"php":"^7.3 || ^8.0","ext-dom":"*"},"tool":{"phpmd":"^2.6.1"}},"checksum":{"type":"sha-512","value":"88e267b9c36b2edc85e924717606b626e005ac8d97b1f65f5331e2a3b3894dec2cf124f6187541bf759d026477b6d94daacc5d5c81bb09714a68ffabe5698dc5"},"tools":{"phpmd":{"version":"2.11.1","url":"https://github.com/phpmd/phpmd/releases/download/2.11.1/phpmd.phar","requirements":{"php":{"php":">=5.3.9","ext-xml":"*"}},"checksum":null,"signature":null}}},"phpcpd":{"api-version":"1.0.0","version":"1.1.1.0","type":"php-file","url":"https://phpcq.github.io/repository/phpcpd-1.1.1.0.php","signature":null,"requirements":{"php":{"php":"^7.3 || ^8.0","ext-dom":"*"},"tool":{"phpcpd":"^6.0"}},"checksum":{"type":"sha-512","value":"1189ce0bf3fade4cb4241f1d96f915ef8fc7651f4450dc79fdf464ee3d6be3009316f0d423ce2d4af9d76ad50807b7fdf4d77bfa6d9ee2c91d6eda32ea214433"},"tools":{"phpcpd":{"version":"6.0.3","url":"https://phar.phpunit.de/phpcpd-6.0.3.phar","requirements":{"php":{"php":">=7.3","ext-dom":"*"}},"checksum":{"type":"sha-256","value":"2cbaea7cfda1bb4299d863eb075e977c3f49055dd16d88529fae5150d48a84cb"},"signature":"https://phar.phpunit.de/phpcpd-6.0.3.phar.asc"}}},"phploc":{"api-version":"1.0.0","version":"1.0.0.0","type":"php-file","url":"https://phpcq.github.io/repository/phploc-1.0.0.0.php","signature":null,"requirements":{"php":{"php":"^7.3 || ^8.0","ext-dom":"*","ext-json":"*"},"tool":{"phploc":"^3.0 || ^4.0 || ^5.0 || ^6.0 || ^7.0"}},"checksum":{"type":"sha-512","value":"f67b02d494796adf553cb3dd13ec06c1cb8e53c799954061749424251379541637538199afb3afa3c7a01cabd1cb6f1c53eb621f015dff9644c6c7cbf10c56d1"},"tools":{"phploc":{"version":"7.0.2","url":"https://phar.phpunit.de/phploc-7.0.2.phar","requirements":{"php":{"php":">=7.3","ext-dom":"*","ext-json":"*"}},"checksum":{"type":"sha-256","value":"3d59778ec86faf25fd00e3a329b2f9ad4a3c751ca91601ea7dab70f887b0bf46"},"signature":"https://phar.phpunit.de/phploc-7.0.2.phar.asc"}}},"phpcs":{"api-version":"1.0.0","version":"1.1.0.0","type":"php-file","url":"https://phpcq.github.io/repository/phpcs-1.1.0.0.php","signature":null,"requirements":{"php":{"php":"^7.3 || ^8.0","ext-dom":"*"},"tool":{"phpcs":"^3.0 || ^2.0","phpcbf":"^3.0 || ^2.0"}},"checksum":{"type":"sha-512","value":"2737022369da1318cc4e0ea194e8a81019f7b079080d869aab878b7486052fdbe68fee3f28131f35573226def1aabd4bd005e038ee7b767c137b1107c1492a83"},"tools":{"phpcs":{"version":"3.6.2","url":"https://github.com/squizlabs/PHP_CodeSniffer/releases/download/3.6.2/phpcs.phar","requirements":{"php":{"php":">=5.4.0","ext-tokenizer":"*","ext-xmlwriter":"*","ext-simplexml":"*"}},"checksum":null,"signature":"https://github.com/squizlabs/PHP_CodeSniffer/releases/download/3.6.2/phpcs.phar.asc"},"phpcbf":{"version":"3.6.2","url":"https://github.com/squizlabs/PHP_CodeSniffer/releases/download/3.6.2/phpcbf.phar","requirements":{"php":{"php":">=5.4.0","ext-tokenizer":"*","ext-xmlwriter":"*","ext-simplexml":"*"}},"checksum":null,"signature":"https://github.com/squizlabs/PHP_CodeSniffer/releases/download/3.6.2/phpcbf.phar.asc"}}},"composer-normalize":{"api-version":"1.0.0","version":"1.1.0.0","type":"php-file","url":"https://phpcq.github.io/repository/composer-normalize-1.1.0.0.php","signature":null,"requirements":{"php":{"php":"^7.3 || ^8.0","ext-json":"*"},"tool":{"composer-normalize":"^2.1"}},"checksum":{"type":"sha-512","value":"d59d3557cb20630734878a9115df5dd32d5aff815e5b15be36f6fb5d6e9d83dd36efd84215ab6529edcc924f600946f739a0d9e67723deff95c88346ab502498"},"tools":{"composer-normalize":{"version":"2.23.1","url":"https://github.com/ergebnis/composer-normalize/releases/download/2.23.1/composer-normalize.phar","requirements":{"php":{"php":"^7.4 || ^8.0"}},"checksum":null,"signature":"https://github.com/ergebnis/composer-normalize/releases/download/2.23.1/composer-normalize.phar.asc"}}}},"tools":[]}